// !$*UTF8*$!
{
	archiveVersion = 1;
	classes = {
	};
	objectVersion = 56;
	objects = {

/* Begin PBXBuildFile section */
		FA097E022A51864D00384D0B /* IQKeyboardManagerSwift in Frameworks */ = {isa = PBXBuildFile; productRef = FA097E012A51864D00384D0B /* IQKeyboardManagerSwift */; };
		FA097E052A5187FA00384D0B /* SDWebImage in Frameworks */ = {isa = PBXBuildFile; productRef = FA097E042A5187FA00384D0B /* SDWebImage */; };
		FA1E49632A5172AD00D74AD9 /* Constant.swift in Sources */ = {isa = PBXBuildFile; fileRef = FA1E49622A5172AD00D74AD9 /* Constant.swift */; };
		FA1E49662A51787100D74AD9 /* tblProductCell.swift in Sources */ = {isa = PBXBuildFile; fileRef = FA1E49652A51787000D74AD9 /* tblProductCell.swift */; };
		FAA2DCFD2A51565000CC3B89 /* AppDelegate.swift in Sources */ = {isa = PBXBuildFile; fileRef = FAA2DCFC2A51565000CC3B89 /* AppDelegate.swift */; };
		FAA2DCFF2A51565000CC3B89 /* SceneDelegate.swift in Sources */ = {isa = PBXBuildFile; fileRef = FAA2DCFE2A51565000CC3B89 /* SceneDelegate.swift */; };
		FAA2DD012A51565000CC3B89 /* ViewController.swift in Sources */ = {isa = PBXBuildFile; fileRef = FAA2DD002A51565000CC3B89 /* ViewController.swift */; };
		FAA2DD042A51565000CC3B89 /* Main.storyboard in Resources */ = {isa = PBXBuildFile; fileRef = FAA2DD022A51565000CC3B89 /* Main.storyboard */; };
		FAA2DD062A51565400CC3B89 /* Assets.xcassets in Resources */ = {isa = PBXBuildFile; fileRef = FAA2DD052A51565400CC3B89 /* Assets.xcassets */; };
		FAA2DD092A51565400CC3B89 /* LaunchScreen.storyboard in Resources */ = {isa = PBXBuildFile; fileRef = FAA2DD072A51565400CC3B89 /* LaunchScreen.storyboard */; };
		FAF208EA2A51694C00AFE752 /* SignupVC.swift in Sources */ = {isa = PBXBuildFile; fileRef = FAF208E92A51694C00AFE752 /* SignupVC.swift */; };
		FAF208EC2A51698D00AFE752 /* LoginVC.swift in Sources */ = {isa = PBXBuildFile; fileRef = FAF208EB2A51698D00AFE752 /* LoginVC.swift */; };
		FAF208EF2A516E6100AFE752 /* Model.xcdatamodeld in Sources */ = {isa = PBXBuildFile; fileRef = FAF208ED2A516E6100AFE752 /* Model.xcdatamodeld */; };
		FAF208F22A51714600AFE752 /* DashboardVC.swift in Sources */ = {isa = PBXBuildFile; fileRef = FAF208F12A51714600AFE752 /* DashboardVC.swift */; };
/* End PBXBuildFile section */

/* Begin PBXFileReference section */
		FA1E49622A5172AD00D74AD9 /* Constant.swift */ = {isa = PBXFileReference; lastKnownFileType = sourcecode.swift; path = Constant.swift; sourceTree = "<group>"; };
		FA1E49652A51787000D74AD9 /* tblProductCell.swift */ = {isa = PBXFileReference; lastKnownFileType = sourcecode.swift; path = tblProductCell.swift; sourceTree = "<group>"; };
		FAA2DCF92A51565000CC3B89 /* DarshanaDRCPractical.app */ = {isa = PBXFileReference; explicitFileType = wrapper.application; includeInIndex = 0; path = DarshanaDRCPractical.app; sourceTree = BUILT_PRODUCTS_DIR; };
		FAA2DCFC2A51565000CC3B89 /* AppDelegate.swift */ = {isa = PBXFileReference; lastKnownFileType = sourcecode.swift; path = AppDelegate.swift; sourceTree = "<group>"; };
		FAA2DCFE2A51565000CC3B89 /* SceneDelegate.swift */ = {isa = PBXFileReference; lastKnownFileType = sourcecode.swift; path = SceneDelegate.swift; sourceTree = "<group>"; };
		FAA2DD002A51565000CC3B89 /* ViewController.swift */ = {isa = PBXFileReference; lastKnownFileType = sourcecode.swift; path = ViewController.swift; sourceTree = "<group>"; };
		FAA2DD032A51565000CC3B89 /* Base */ = {isa = PBXFileReference; lastKnownFileType = file.storyboard; name = Base; path = Base.lproj/Main.storyboard; sourceTree = "<group>"; };
		FAA2DD052A51565400CC3B89 /* Assets.xcassets */ = {isa = PBXFileReference; lastKnownFileType = folder.assetcatalog; path = Assets.xcassets; sourceTree = "<group>"; };
		FAA2DD082A51565400CC3B89 /* Base */ = {isa = PBXFileReference; lastKnownFileType = file.storyboard; name = Base; path = Base.lproj/LaunchScreen.storyboard; sourceTree = "<group>"; };
		FAA2DD0A2A51565400CC3B89 /* Info.plist */ = {isa = PBXFileReference; lastKnownFileType = text.plist.xml; path = Info.plist; sourceTree = "<group>"; };
		FAF208E92A51694C00AFE752 /* SignupVC.swift */ = {isa = PBXFileReference; lastKnownFileType = sourcecode.swift; path = SignupVC.swift; sourceTree = "<group>"; };
		FAF208EB2A51698D00AFE752 /* LoginVC.swift */ = {isa = PBXFileReference; lastKnownFileType = sourcecode.swift; path = LoginVC.swift; sourceTree = "<group>"; };
		FAF208EE2A516E6100AFE752 /* Model.xcdatamodel */ = {isa = PBXFileReference; lastKnownFileType = wrapper.xcdatamodel; path = Model.xcdatamodel; sourceTree = "<group>"; };
		FAF208F12A51714600AFE752 /* DashboardVC.swift */ = {isa = PBXFileReference; lastKnownFileType = sourcecode.swift; path = DashboardVC.swift; sourceTree = "<group>"; };
/* End PBXFileReference section */

/* Begin PBXFrameworksBuildPhase section */
		FAA2DCF62A51565000CC3B89 /* Frameworks */ = {
			isa = PBXFrameworksBuildPhase;
			buildActionMask = 2147483647;
			files = (
				FA097E052A5187FA00384D0B /* SDWebImage in Frameworks */,
				FA097E022A51864D00384D0B /* IQKeyboardManagerSwift in Frameworks */,
			);
			runOnlyForDeploymentPostprocessing = 0;
		};
/* End PBXFrameworksBuildPhase section */

/* Begin PBXGroup section */
		FA1E49642A51785400D74AD9 /* TblCell */ = {
			isa = PBXGroup;
			children = (
				FA1E49652A51787000D74AD9 /* tblProductCell.swift */,
			);
			path = TblCell;
			sourceTree = "<group>";
		};
		FAA2DCF02A51565000CC3B89 = {
			isa = PBXGroup;
			children = (
				FAA2DCFB2A51565000CC3B89 /* DarshanaDRCPractical */,
				FAA2DCFA2A51565000CC3B89 /* Products */,
			);
			sourceTree = "<group>";
		};
		FAA2DCFA2A51565000CC3B89 /* Products */ = {
			isa = PBXGroup;
			children = (
				FAA2DCF92A51565000CC3B89 /* DarshanaDRCPractical.app */,
			);
			name = Products;
			sourceTree = "<group>";
		};
		FAA2DCFB2A51565000CC3B89 /* DarshanaDRCPractical */ = {
			isa = PBXGroup;
			children = (
				FAF208F02A51712900AFE752 /* Dashboard */,
				FAF208E82A51692000AFE752 /* Auth */,
				FAA2DCFC2A51565000CC3B89 /* AppDelegate.swift */,
				FAA2DCFE2A51565000CC3B89 /* SceneDelegate.swift */,
				FAA2DD002A51565000CC3B89 /* ViewController.swift */,
				FAA2DD022A51565000CC3B89 /* Main.storyboard */,
				FAA2DD052A51565400CC3B89 /* Assets.xcassets */,
				FAA2DD072A51565400CC3B89 /* LaunchScreen.storyboard */,
				FAA2DD0A2A51565400CC3B89 /* Info.plist */,
				FAF208ED2A516E6100AFE752 /* Model.xcdatamodeld */,
				FA1E49622A5172AD00D74AD9 /* Constant.swift */,
			);
			path = DarshanaDRCPractical;
			sourceTree = "<group>";
		};
		FAF208E82A51692000AFE752 /* Auth */ = {
			isa = PBXGroup;
			children = (
				FAF208E92A51694C00AFE752 /* SignupVC.swift */,
				FAF208EB2A51698D00AFE752 /* LoginVC.swift */,
			);
			path = Auth;
			sourceTree = "<group>";
		};
		FAF208F02A51712900AFE752 /* Dashboard */ = {
			isa = PBXGroup;
			children = (
				FA1E49642A51785400D74AD9 /* TblCell */,
				FAF208F12A51714600AFE752 /* DashboardVC.swift */,
			);
			path = Dashboard;
			sourceTree = "<group>";
		};
/* End PBXGroup section */

/* Begin PBXNativeTarget section */
		FAA2DCF82A51565000CC3B89 /* DarshanaDRCPractical */ = {
			isa = PBXNativeTarget;
			buildConfigurationList = FAA2DD0D2A51565400CC3B89 /* Build configuration list for PBXNativeTarget "DarshanaDRCPractical" */;
			buildPhases = (
				FAA2DCF52A51565000CC3B89 /* Sources */,
				FAA2DCF62A51565000CC3B89 /* Frameworks */,
				FAA2DCF72A51565000CC3B89 /* Resources */,
			);
			buildRules = (
			);
			dependencies = (
			);
			name = DarshanaDRCPractical;
			packageProductDependencies = (
				FA097E012A51864D00384D0B /* IQKeyboardManagerSwift */,
				FA097E042A5187FA00384D0B /* SDWebImage */,
			);
			productName = DarshanaDRCPractical;
			productReference = FAA2DCF92A51565000CC3B89 /* DarshanaDRCPractical.app */;
			productType = "com.apple.product-type.application";
		};
/* End PBXNativeTarget section */

/* Begin PBXProject section */
		FAA2DCF12A51565000CC3B89 /* Project object */ = {
			isa = PBXProject;
			attributes = {
				BuildIndependentTargetsInParallel = 1;
				LastSwiftUpdateCheck = 1420;
				LastUpgradeCheck = 1420;
				TargetAttributes = {
					FAA2DCF82A51565000CC3B89 = {
						CreatedOnToolsVersion = 14.2;
					};
				};
			};
			buildConfigurationList = FAA2DCF42A51565000CC3B89 /* Build configuration list for PBXProject "DarshanaDRCPractical" */;
			compatibilityVersion = "Xcode 14.0";
			developmentRegion = en;
			hasScannedForEncodings = 0;
			knownRegions = (
				en,
				Base,
			);
			mainGroup = FAA2DCF02A51565000CC3B89;
			packageReferences = (
				FA097E002A51864D00384D0B /* XCRemoteSwiftPackageReference "IQKeyboardManager" */,
				FA097E032A5187FA00384D0B /* XCRemoteSwiftPackageReference "SDWebImage" */,
				FA097E062A518C9400384D0B /* XCRemoteSwiftPackageReference "Moya" */,
			);
			productRefGroup = FAA2DCFA2A51565000CC3B89 /* Products */;
			projectDirPath = "";
			projectRoot = "";
			targets = (
				FAA2DCF82A51565000CC3B89 /* DarshanaDRCPractical */,
			);
		};
/* End PBXProject section */

/* Begin PBXResourcesBuildPhase section */
		FAA2DCF72A51565000CC3B89 /* Resources */ = {
			isa = PBXResourcesBuildPhase;
			buildActionMask = 2147483647;
			files = (
				FAA2DD092A51565400CC3B89 /* LaunchScreen.storyboard in Resources */,
				FAA2DD062A51565400CC3B89 /* Assets.xcassets in Resources */,
				FAA2DD042A51565000CC3B89 /* Main.storyboard in Resources */,
			);
			runOnlyForDeploymentPostprocessing = 0;
		};
/* End PBXResourcesBuildPhase section */

/* Begin PBXSourcesBuildPhase section */
		FAA2DCF52A51565000CC3B89 /* Sources */ = {
			isa = PBXSourcesBuildPhase;
			buildActionMask = 2147483647;
			files = (
				FAF208EA2A51694C00AFE752 /* SignupVC.swift in Sources */,
				FAA2DD012A51565000CC3B89 /* ViewController.swift in Sources */,
				FAF208F22A51714600AFE752 /* DashboardVC.swift in Sources */,
				FA1E49662A51787100D74AD9 /* tblProductCell.swift in Sources */,
				FA1E49632A5172AD00D74AD9 /* Constant.swift in Sources */,
				FAA2DCFD2A51565000CC3B89 /* AppDelegate.swift in Sources */,
				FAA2DCFF2A51565000CC3B89 /* SceneDelegate.swift in Sources */,
				FAF208EC2A51698D00AFE752 /* LoginVC.swift in Sources */,
				FAF208EF2A516E6100AFE752 /* Model.xcdatamodeld in Sources */,
			);
			runOnlyForDeploymentPostprocessing = 0;
		};
/* End PBXSourcesBuildPhase section */

/* Begin PBXVariantGroup section */
		FAA2DD022A51565000CC3B89 /* Main.storyboard */ = {
			isa = PBXVariantGroup;
			children = (
				FAA2DD032A51565000CC3B89 /* Base */,
			);
			name = Main.storyboard;
			sourceTree = "<group>";
		};
		FAA2DD072A51565400CC3B89 /* LaunchScreen.storyboard */ = {
			isa = PBXVariantGroup;
			children = (
				FAA2DD082A51565400CC3B89 /* Base */,
			);
			name = LaunchScreen.storyboard;
			sourceTree = "<group>";
		};
/* End PBXVariantGroup section */

/* Begin XCBuildConfiguration section */
		FAA2DD0B2A51565400CC3B89 /* Debug */ = {
			isa = XCBuildConfiguration;
			buildSettings = {
				ALWAYS_SEARCH_USER_PATHS = NO;
				CLANG_ANALYZER_NONNULL = YES;
				CLANG_ANALYZER_NUMBER_OBJECT_CONVERSION = YES_AGGRESSIVE;
				CLANG_CXX_LANGUAGE_STANDARD = "gnu++20";
				CLANG_ENABLE_MODULES = YES;
				CLANG_ENABLE_OBJC_ARC = YES;
				CLANG_ENABLE_OBJC_WEAK = YES;
				CLANG_WARN_BLOCK_CAPTURE_AUTORELEASING = YES;
				CLANG_WARN_BOOL_CONVERSION = YES;
				CLANG_WARN_COMMA = YES;
				CLANG_WARN_CONSTANT_CONVERSION = YES;
				CLANG_WARN_DEPRECATED_OBJC_IMPLEMENTATIONS = YES;
				CLANG_WARN_DIRECT_OBJC_ISA_USAGE = YES_ERROR;
				CLANG_WARN_DOCUMENTATION_COMMENTS = YES;
				CLANG_WARN_EMPTY_BODY = YES;
				CLANG_WARN_ENUM_CONVERSION = YES;
				CLANG_WARN_INFINITE_RECURSION = YES;
				CLANG_WARN_INT_CONVERSION = YES;
				CLANG_WARN_NON_LITERAL_NULL_CONVERSION = YES;
				CLANG_WARN_OBJC_IMPLICIT_RETAIN_SELF = YES;
				CLANG_WARN_OBJC_LITERAL_CONVERSION = YES;
				CLANG_WARN_OBJC_ROOT_CLASS = YES_ERROR;
				CLANG_WARN_QUOTED_INCLUDE_IN_FRAMEWORK_HEADER = YES;
				CLANG_WARN_RANGE_LOOP_ANALYSIS = YES;
				CLANG_WARN_STRICT_PROTOTYPES = YES;
				CLANG_WARN_SUSPICIOUS_MOVE = YES;
				CLANG_WARN_UNGUARDED_AVAILABILITY = YES_AGGRESSIVE;
				CLANG_WARN_UNREACHABLE_CODE = YES;
				CLANG_WARN__DUPLICATE_METHOD_MATCH = YES;
				COPY_PHASE_STRIP = NO;
				DEBUG_INFORMATION_FORMAT = dwarf;
				ENABLE_STRICT_OBJC_MSGSEND = YES;
				ENABLE_TESTABILITY = YES;
				GCC_C_LANGUAGE_STANDARD = gnu11;
				GCC_DYNAMIC_NO_PIC = NO;
				GCC_NO_COMMON_BLOCKS = YES;
				GCC_OPTIMIZATION_LEVEL = 0;
				GCC_PREPROCESSOR_DEFINITIONS = (
					"DEBUG=1",
					"$(inherited)",
				);
				GCC_WARN_64_TO_32_BIT_CONVERSION = YES;
				GCC_WARN_ABOUT_RETURN_TYPE = YES_ERROR;
				GCC_WARN_UNDECLARED_SELECTOR = YES;
				GCC_WARN_UNINITIALIZED_AUTOS = YES_AGGRESSIVE;
				GCC_WARN_UNUSED_FUNCTION = YES;
				GCC_WARN_UNUSED_VARIABLE = YES;
				IPHONEOS_DEPLOYMENT_TARGET = 16.2;
				MTL_ENABLE_DEBUG_INFO = INCLUDE_SOURCE;
				MTL_FAST_MATH = YES;
				ONLY_ACTIVE_ARCH = YES;
				SDKROOT = iphoneos;
				SWIFT_ACTIVE_COMPILATION_CONDITIONS = DEBUG;
				SWIFT_OPTIMIZATION_LEVEL = "-Onone";
			};
			name = Debug;
		};
		FAA2DD0C2A51565400CC3B89 /* Release */ = {
			isa = XCBuildConfiguration;
			buildSettings = {
				ALWAYS_SEARCH_USER_PATHS = NO;
				CLANG_ANALYZER_NONNULL = YES;
				CLANG_ANALYZER_NUMBER_OBJECT_CONVERSION = YES_AGGRESSIVE;
				CLANG_CXX_LANGUAGE_STANDARD = "gnu++20";
				CLANG_ENABLE_MODULES = YES;
				CLANG_ENABLE_OBJC_ARC = YES;
				CLANG_ENABLE_OBJC_WEAK = YES;
				CLANG_WARN_BLOCK_CAPTURE_AUTORELEASING = YES;
				CLANG_WARN_BOOL_CONVERSION = YES;
				CLANG_WARN_COMMA = YES;
				CLANG_WARN_CONSTANT_CONVERSION = YES;
				CLANG_WARN_DEPRECATED_OBJC_IMPLEMENTATIONS = YES;
				CLANG_WARN_DIRECT_OBJC_ISA_USAGE = YES_ERROR;
				CLANG_WARN_DOCUMENTATION_COMMENTS = YES;
				CLANG_WARN_EMPTY_BODY = YES;
				CLANG_WARN_ENUM_CONVERSION = YES;
				CLANG_WARN_INFINITE_RECURSION = YES;
				CLANG_WARN_INT_CONVERSION = YES;
				CLANG_WARN_NON_LITERAL_NULL_CONVERSION = YES;
				CLANG_WARN_OBJC_IMPLICIT_RETAIN_SELF = YES;
				CLANG_WARN_OBJC_LITERAL_CONVERSION = YES;
				CLANG_WARN_OBJC_ROOT_CLASS = YES_ERROR;
				CLANG_WARN_QUOTED_INCLUDE_IN_FRAMEWORK_HEADER = YES;
				CLANG_WARN_RANGE_LOOP_ANALYSIS = YES;
				CLANG_WARN_STRICT_PROTOTYPES = YES;
				CLANG_WARN_SUSPICIOUS_MOVE = YES;
				CLANG_WARN_UNGUARDED_AVAILABILITY = YES_AGGRESSIVE;
				CLANG_WARN_UNREACHABLE_CODE = YES;
				CLANG_WARN__DUPLICATE_METHOD_MATCH = YES;
				COPY_PHASE_STRIP = NO;
				DEBUG_INFORMATION_FORMAT = "dwarf-with-dsym";
				ENABLE_NS_ASSERTIONS = NO;
				ENABLE_STRICT_OBJC_MSGSEND = YES;
				GCC_C_LANGUAGE_STANDARD = gnu11;
				GCC_NO_COMMON_BLOCKS = YES;
				GCC_WARN_64_TO_32_BIT_CONVERSION = YES;
				GCC_WARN_ABOUT_RETURN_TYPE = YES_ERROR;
				GCC_WARN_UNDECLARED_SELECTOR = YES;
				GCC_WARN_UNINITIALIZED_AUTOS = YES_AGGRESSIVE;
				GCC_WARN_UNUSED_FUNCTION = YES;
				GCC_WARN_UNUSED_VARIABLE = YES;
				IPHONEOS_DEPLOYMENT_TARGET = 16.2;
				MTL_ENABLE_DEBUG_INFO = NO;
				MTL_FAST_MATH = YES;
				SDKROOT = iphoneos;
				SWIFT_COMPILATION_MODE = wholemodule;
				SWIFT_OPTIMIZATION_LEVEL = "-O";
				VALIDATE_PRODUCT = YES;
			};
			name = Release;
		};
		FAA2DD0E2A51565400CC3B89 /* Debug */ = {
			isa = XCBuildConfiguration;
			buildSettings = {
				ASSETCATALOG_COMPILER_APPICON_NAME = AppIcon;
				ASSETCATALOG_COMPILER_GLOBAL_ACCENT_COLOR_NAME = AccentColor;
				CODE_SIGN_STYLE = Automatic;
				CURRENT_PROJECT_VERSION = 1;
				GENERATE_INFOPLIST_FILE = YES;
				INFOPLIST_FILE = DarshanaDRCPractical/Info.plist;
				INFOPLIST_KEY_UIApplicationSupportsIndirectInputEvents = YES;
				INFOPLIST_KEY_UILaunchStoryboardName = LaunchScreen;
				INFOPLIST_KEY_UIMainStoryboardFile = Main;
				INFOPLIST_KEY_UISupportedInterfaceOrientations_iPad = "UIInterfaceOrientationPortrait UIInterfaceOrientationPortraitUpsideDown UIInterfaceOrientationLandscapeLeft UIInterfaceOrientationLandscapeRight";
				INFOPLIST_KEY_UISupportedInterfaceOrientations_iPhone = "UIInterfaceOrientationPortrait UIInterfaceOrientationLandscapeLeft UIInterfaceOrientationLandscapeRight";
				IPHONEOS_DEPLOYMENT_TARGET = 13.0;
				LD_RUNPATH_SEARCH_PATHS = (
					"$(inherited)",
					"@executable_path/Frameworks",
				);
				MARKETING_VERSION = 1.0;
				PRODUCT_BUNDLE_IDENTIFIER = demo.DarshanaDRCPractical;
				PRODUCT_NAME = "$(TARGET_NAME)";
				SUPPORTED_PLATFORMS = "iphoneos iphonesimulator";
				SUPPORTS_MACCATALYST = NO;
				SUPPORTS_MAC_DESIGNED_FOR_IPHONE_IPAD = YES;
				SWIFT_EMIT_LOC_STRINGS = YES;
				SWIFT_VERSION = 5.0;
				TARGETED_DEVICE_FAMILY = 1;
			};
			name = Debug;
		};
		FAA2DD0F2A51565400CC3B89 /* Release */ = {
			isa = XCBuildConfiguration;
			buildSettings = {
				ASSETCATALOG_COMPILER_APPICON_NAME = AppIcon;
				ASSETCATALOG_COMPILER_GLOBAL_ACCENT_COLOR_NAME = AccentColor;
				CODE_SIGN_STYLE = Automatic;
				CURRENT_PROJECT_VERSION = 1;
				GENERATE_INFOPLIST_FILE = YES;
				INFOPLIST_FILE = DarshanaDRCPractical/Info.plist;
				INFOPLIST_KEY_UIApplicationSupportsIndirectInputEvents = YES;
				INFOPLIST_KEY_UILaunchStoryboardName = LaunchScreen;
				INFOPLIST_KEY_UIMainStoryboardFile = Main;
				INFOPLIST_KEY_UISupportedInterfaceOrientations_iPad = "UIInterfaceOrientationPortrait UIInterfaceOrientationPortraitUpsideDown UIInterfaceOrientationLandscapeLeft UIInterfaceOrientationLandscapeRight";
				INFOPLIST_KEY_UISupportedInterfaceOrientations_iPhone = "UIInterfaceOrientationPortrait UIInterfaceOrientationLandscapeLeft UIInterfaceOrientationLandscapeRight";
				IPHONEOS_DEPLOYMENT_TARGET = 13.0;
				LD_RUNPATH_SEARCH_PATHS = (
					"$(inherited)",
					"@executable_path/Frameworks",
				);
				MARKETING_VERSION = 1.0;
				PRODUCT_BUNDLE_IDENTIFIER = demo.DarshanaDRCPractical;
				PRODUCT_NAME = "$(TARGET_NAME)";
				SUPPORTED_PLATFORMS = "iphoneos iphonesimulator";
				SUPPORTS_MACCATALYST = NO;
				SUPPORTS_MAC_DESIGNED_FOR_IPHONE_IPAD = YES;
				SWIFT_EMIT_LOC_STRINGS = YES;
				SWIFT_VERSION = 5.0;
				TARGETED_DEVICE_FAMILY = 1;
			};
			name = Release;
		};
/* End XCBuildConfiguration section */

/* Begin XCConfigurationList section */
		FAA2DCF42A51565000CC3B89 /* Build configuration list for PBXProject "DarshanaDRCPractical" */ = {
			isa = XCConfigurationList;
			buildConfigurations = (
				FAA2DD0B2A51565400CC3B89 /* Debug */,
				FAA2DD0C2A51565400CC3B89 /* Release */,
			);
			defaultConfigurationIsVisible = 0;
			defaultConfigurationName = Release;
		};
		FAA2DD0D2A51565400CC3B89 /* Build configuration list for PBXNativeTarget "DarshanaDRCPractical" */ = {
			isa = XCConfigurationList;
			buildConfigurations = (
				FAA2DD0E2A51565400CC3B89 /* Debug */,
				FAA2DD0F2A51565400CC3B89 /* Release */,
			);
			defaultConfigurationIsVisible = 0;
			defaultConfigurationName = Release;
		};
/* End XCConfigurationList section */

/* Begin XCRemoteSwiftPackageReference section */
		FA097E002A51864D00384D0B /* XCRemoteSwiftPackageReference "IQKeyboardManager" */ = {
			isa = XCRemoteSwiftPackageReference;
			repositoryURL = "https://github.com/hackiftekhar/IQKeyboardManager.git";
			requirement = {
				kind = upToNextMajorVersion;
				minimumVersion = 6.0.0;
			};
		};
		FA097E032A5187FA00384D0B /* XCRemoteSwiftPackageReference "SDWebImage" */ = {
			isa = XCRemoteSwiftPackageReference;
			repositoryURL = "https://github.com/SDWebImage/SDWebImage.git";
			requirement = {
				kind = upToNextMajorVersion;
				minimumVersion = 5.0.0;
			};
		};
		FA097E062A518C9400384D0B /* XCRemoteSwiftPackageReference "Moya" */ = {
			isa = XCRemoteSwiftPackageReference;
			repositoryURL = "https://github.com/Moya/Moya.git";
			requirement = {
				kind = upToNextMajorVersion;
				minimumVersion = 9.0.0;
			};
		};
/* End XCRemoteSwiftPackageReference section */

/* Begin XCSwiftPackageProductDependency section */
		FA097E012A51864D00384D0B /* IQKeyboardManagerSwift */ = {
			isa = XCSwiftPackageProductDependency;
			package = FA097E002A51864D00384D0B /* XCRemoteSwiftPackageReference "IQKeyboardManager" */;
			productName = IQKeyboardManagerSwift;
		};
		FA097E042A5187FA00384D0B /* SDWebImage */ = {
			isa = XCSwiftPackageProductDependency;
			package = FA097E032A5187FA00384D0B /* XCRemoteSwiftPackageReference "SDWebImage" */;
			productName = SDWebImage;
		};
/* End XCSwiftPackageProductDependency section */

/* Begin XCVersionGroup section */
		FAF208ED2A516E6100AFE752 /* Model.xcdatamodeld */ = {
			isa = XCVersionGroup;
			children = (
				FAF208EE2A516E6100AFE752 /* Model.xcdatamodel */,
			);
			currentVersion = FAF208EE2A516E6100AFE752 /* Model.xcdatamodel */;
			path = Model.xcdatamodeld;
			sourceTree = "<group>";
			versionGroupType = wrapper.xcdatamodel;
		};
/* End XCVersionGroup section */
	};
	rootObject = FAA2DCF12A51565000CC3B89 /* Project object */;
}
